
Microsoft Visual Studio Solution File, Format Version 12.00
# Visual Studio Version 16
VisualStudioVersion = 16.0.33529.622
MinimumVisualStudioVersion = 10.0.40219.1
Project("{FAE04EC0-301F-11D3-BF4B-00C04F79EFBC}") = "Nuevapruebagit", "Nuevapruebagit.csproj", "{18DAA183-3565-4E9A-A774-F678088C5542}"
EndProject
Global
	GlobalSection(SolutionConfigurationPlatforms) = preSolution
		Debug|Any CPU = Debug|Any CPU
		Release|Any CPU = Release|Any CPU
	EndGlobalSection
	GlobalSection(ProjectConfigurationPlatforms) = postSolution
		{18DAA183-3565-4E9A-A774-F678088C5542}.Debug|Any CPU.ActiveCfg = Debug|Any CPU
		{18DAA183-3565-4E9A-A774-F678088C5542}.Debug|Any CPU.Build.0 = Debug|Any CPU
		{18DAA183-3565-4E9A-A774-F678088C5542}.Release|Any CPU.ActiveCfg = Release|Any CPU
		{18DAA183-3565-4E9A-A774-F678088C5542}.Release|Any CPU.Build.0 = Release|Any CPU
	EndGlobalSection
	GlobalSection(SolutionProperties) = preSolution
		HideSolutionNode = FALSE
	EndGlobalSection
	GlobalSection(ExtensibilityGlobals) = postSolution
		SolutionGuid = {5871E0BA-C1B2-4680-BBB6-1FBA330BC03E}
	EndGlobalSection
EndGlobal
